
Microsoft Visual Studio Solution File, Format Version 12.00
# Visual Studio Version 17
VisualStudioVersion = 17.14.37216.2 d17.14
MinimumVisualStudioVersion = 10.0.40219.1
Project("{FAE04EC0-301F-11D3-BF4B-00C04F79EFBC}") = "calculator", "calculator.csproj", "{01F8FAE8-4F78-4D3E-982D-FABA6AE9F4BC}"
EndProject
Project("{FAE04EC0-301F-11D3-BF4B-00C04F79EFBC}") = "question2", "..\question2\question2.csproj", "{2601B41E-5C8B-4806-B30A-51B66DA76864}"
EndProject
Project("{FAE04EC0-301F-11D3-BF4B-00C04F79EFBC}") = "Question3", "..\Question3\Question3.csproj", "{8DC3AD7F-D524-4F99-B81F-AB88C72436E8}"
EndProject
Global
	GlobalSection(SolutionConfigurationPlatforms) = preSolution
		Debug|Any CPU = Debug|Any CPU
		Release|Any CPU = Release|Any CPU
	EndGlobalSection
	GlobalSection(ProjectConfigurationPlatforms) = postSolution
		{01F8FAE8-4F78-4D3E-982D-FABA6AE9F4BC}.Debug|Any CPU.ActiveCfg = Debug|Any CPU
		{01F8FAE8-4F78-4D3E-982D-FABA6AE9F4BC}.Debug|Any CPU.Build.0 = Debug|Any CPU
		{01F8FAE8-4F78-4D3E-982D-FABA6AE9F4BC}.Release|Any CPU.ActiveCfg = Release|Any CPU
		{01F8FAE8-4F78-4D3E-982D-FABA6AE9F4BC}.Release|Any CPU.Build.0 = Release|Any CPU
		{2601B41E-5C8B-4806-B30A-51B66DA76864}.Debug|Any CPU.ActiveCfg = Debug|Any CPU
		{2601B41E-5C8B-4806-B30A-51B66DA76864}.Debug|Any CPU.Build.0 = Debug|Any CPU
		{2601B41E-5C8B-4806-B30A-51B66DA76864}.Release|Any CPU.ActiveCfg = Release|Any CPU
		{2601B41E-5C8B-4806-B30A-51B66DA76864}.Release|Any CPU.Build.0 = Release|Any CPU
		{8DC3AD7F-D524-4F99-B81F-AB88C72436E8}.Debug|Any CPU.ActiveCfg = Debug|Any CPU
		{8DC3AD7F-D524-4F99-B81F-AB88C72436E8}.Debug|Any CPU.Build.0 = Debug|Any CPU
		{8DC3AD7F-D524-4F99-B81F-AB88C72436E8}.Release|Any CPU.ActiveCfg = Release|Any CPU
		{8DC3AD7F-D524-4F99-B81F-AB88C72436E8}.Release|Any CPU.Build.0 = Release|Any CPU
	EndGlobalSection
	GlobalSection(SolutionProperties) = preSolution
		HideSolutionNode = FALSE
	EndGlobalSection
	GlobalSection(ExtensibilityGlobals) = postSolution
		SolutionGuid = {E7E48AB8-8BCB-4E53-8416-87559BE1FFA9}
	EndGlobalSection
EndGlobal
